// !$*UTF8*$!
{
	archiveVersion = 1;
	classes = {
	};
	objectVersion = 77;
	objects = {

/* Begin PBXBuildFile section */
		100000000000000000000001 /* Apps/iPhone/iPhoneApp.swift in Sources */ = {isa = PBXBuildFile; fileRef = 200000000000000000000001 /* Apps/iPhone/iPhoneApp.swift */; };
		100000000000000000000015 /* Apps/iPhone/iPhoneSessionSyncService.swift in Sources */ = {isa = PBXBuildFile; fileRef = 200000000000000000000010 /* Apps/iPhone/iPhoneSessionSyncService.swift */; };
		100000000000000000000002 /* Sources/HikingCore/Models.swift in Sources */ = {isa = PBXBuildFile; fileRef = 200000000000000000000003 /* Sources/HikingCore/Models.swift */; };
		100000000000000000000003 /* Sources/HikingCore/GeoMath.swift in Sources */ = {isa = PBXBuildFile; fileRef = 200000000000000000000004 /* Sources/HikingCore/GeoMath.swift */; };
		100000000000000000000004 /* Sources/HikingCore/RouteBuilder.swift in Sources */ = {isa = PBXBuildFile; fileRef = 200000000000000000000005 /* Sources/HikingCore/RouteBuilder.swift */; };
		100000000000000000000005 /* Sources/HikingCore/GPXParser.swift in Sources */ = {isa = PBXBuildFile; fileRef = 200000000000000000000006 /* Sources/HikingCore/GPXParser.swift */; };
		100000000000000000000006 /* Sources/HikingCore/RemoteRoutes.swift in Sources */ = {isa = PBXBuildFile; fileRef = 200000000000000000000007 /* Sources/HikingCore/RemoteRoutes.swift */; };
		100000000000000000000007 /* Sources/HikingCore/RouteStore.swift in Sources */ = {isa = PBXBuildFile; fileRef = 200000000000000000000008 /* Sources/HikingCore/RouteStore.swift */; };
		100000000000000000000008 /* Sources/HikingCore/RouteImportService.swift in Sources */ = {isa = PBXBuildFile; fileRef = 200000000000000000000009 /* Sources/HikingCore/RouteImportService.swift */; };
		100000000000000000000009 /* Sources/HikingCore/RouteSync.swift in Sources */ = {isa = PBXBuildFile; fileRef = 20000000000000000000000A /* Sources/HikingCore/RouteSync.swift */; };
		100000000000000000000013 /* Sources/HikingCore/HikingSession.swift in Sources */ = {isa = PBXBuildFile; fileRef = 20000000000000000000000D /* Sources/HikingCore/HikingSession.swift */; };
		100000000000000000000016 /* Sources/HikingCore/SessionSync.swift in Sources */ = {isa = PBXBuildFile; fileRef = 200000000000000000000011 /* Sources/HikingCore/SessionSync.swift */; };
		100000000000000000000019 /* WatchHikingWatch.app in Embed Watch Content */ = {isa = PBXBuildFile; fileRef = 20000000000000000000000C /* WatchHikingWatch.app */; settings = {ATTRIBUTES = (RemoveHeadersOnCopy, ); }; };
		10000000000000000000001A /* Apps/Watch/Assets.xcassets in Resources */ = {isa = PBXBuildFile; fileRef = 200000000000000000000013 /* Apps/Watch/Assets.xcassets */; };
		10000000000000000000000A /* Apps/Watch/WatchApp.swift in Sources */ = {isa = PBXBuildFile; fileRef = 200000000000000000000002 /* Apps/Watch/WatchApp.swift */; };
		100000000000000000000018 /* Apps/Watch/WatchSessionUploadService.swift in Sources */ = {isa = PBXBuildFile; fileRef = 200000000000000000000012 /* Apps/Watch/WatchSessionUploadService.swift */; };
		10000000000000000000000B /* Sources/HikingCore/Models.swift in Sources */ = {isa = PBXBuildFile; fileRef = 200000000000000000000003 /* Sources/HikingCore/Models.swift */; };
		10000000000000000000000C /* Sources/HikingCore/GeoMath.swift in Sources */ = {isa = PBXBuildFile; fileRef = 200000000000000000000004 /* Sources/HikingCore/GeoMath.swift */; };
		10000000000000000000000D /* Sources/HikingCore/RouteBuilder.swift in Sources */ = {isa = PBXBuildFile; fileRef = 200000000000000000000005 /* Sources/HikingCore/RouteBuilder.swift */; };
		10000000000000000000000E /* Sources/HikingCore/GPXParser.swift in Sources */ = {isa = PBXBuildFile; fileRef = 200000000000000000000006 /* Sources/HikingCore/GPXParser.swift */; };
		10000000000000000000000F /* Sources/HikingCore/RemoteRoutes.swift in Sources */ = {isa = PBXBuildFile; fileRef = 200000000000000000000007 /* Sources/HikingCore/RemoteRoutes.swift */; };
		100000000000000000000010 /* Sources/HikingCore/RouteStore.swift in Sources */ = {isa = PBXBuildFile; fileRef = 200000000000000000000008 /* Sources/HikingCore/RouteStore.swift */; };
		100000000000000000000011 /* Sources/HikingCore/RouteImportService.swift in Sources */ = {isa = PBXBuildFile; fileRef = 200000000000000000000009 /* Sources/HikingCore/RouteImportService.swift */; };
		100000000000000000000012 /* Sources/HikingCore/RouteSync.swift in Sources */ = {isa = PBXBuildFile; fileRef = 20000000000000000000000A /* Sources/HikingCore/RouteSync.swift */; };
		100000000000000000000014 /* Sources/HikingCore/HikingSession.swift in Sources */ = {isa = PBXBuildFile; fileRef = 20000000000000000000000D /* Sources/HikingCore/HikingSession.swift */; };
		100000000000000000000017 /* Sources/HikingCore/SessionSync.swift in Sources */ = {isa = PBXBuildFile; fileRef = 200000000000000000000011 /* Sources/HikingCore/SessionSync.swift */; };
/* End PBXBuildFile section */

/* Begin PBXContainerItemProxy section */
		110000000000000000000001 /* PBXContainerItemProxy */ = {
			isa = PBXContainerItemProxy;
			containerPortal = 800000000000000000000001 /* Project object */;
			proxyType = 1;
			remoteGlobalIDString = 500000000000000000000002;
			remoteInfo = WatchHikingWatch;
		};
/* End PBXContainerItemProxy section */

/* Begin PBXCopyFilesBuildPhase section */
		120000000000000000000001 /* Embed Watch Content */ = {
			isa = PBXCopyFilesBuildPhase;
			buildActionMask = 2147483647;
			dstPath = "$(CONTENTS_FOLDER_PATH)/Watch";
			dstSubfolderSpec = 16;
			files = (
				100000000000000000000019 /* WatchHikingWatch.app in Embed Watch Content */,
			);
			name = "Embed Watch Content";
			runOnlyForDeploymentPostprocessing = 0;
		};
/* End PBXCopyFilesBuildPhase section */

/* Begin PBXFileReference section */
		200000000000000000000001 /* Apps/iPhone/iPhoneApp.swift */ = {isa = PBXFileReference; lastKnownFileType = sourcecode.swift; path = Apps/iPhone/iPhoneApp.swift; sourceTree = SOURCE_ROOT; };
		200000000000000000000010 /* Apps/iPhone/iPhoneSessionSyncService.swift */ = {isa = PBXFileReference; lastKnownFileType = sourcecode.swift; path = Apps/iPhone/iPhoneSessionSyncService.swift; sourceTree = SOURCE_ROOT; };
		20000000000000000000000E /* Apps/iPhone/Info.plist */ = {isa = PBXFileReference; lastKnownFileType = text.plist.xml; path = Apps/iPhone/Info.plist; sourceTree = SOURCE_ROOT; };
		200000000000000000000002 /* Apps/Watch/WatchApp.swift */ = {isa = PBXFileReference; lastKnownFileType = sourcecode.swift; path = Apps/Watch/WatchApp.swift; sourceTree = SOURCE_ROOT; };
		200000000000000000000012 /* Apps/Watch/WatchSessionUploadService.swift */ = {isa = PBXFileReference; lastKnownFileType = sourcecode.swift; path = Apps/Watch/WatchSessionUploadService.swift; sourceTree = SOURCE_ROOT; };
		20000000000000000000000F /* Apps/Watch/WatchHikingWatch.entitlements */ = {isa = PBXFileReference; lastKnownFileType = text.plist.entitlements; path = Apps/Watch/WatchHikingWatch.entitlements; sourceTree = SOURCE_ROOT; };
		200000000000000000000013 /* Apps/Watch/Assets.xcassets */ = {isa = PBXFileReference; lastKnownFileType = folder.assetcatalog; path = Apps/Watch/Assets.xcassets; sourceTree = SOURCE_ROOT; };
		200000000000000000000014 /* Apps/Watch/Info.plist */ = {isa = PBXFileReference; lastKnownFileType = text.plist.xml; path = Apps/Watch/Info.plist; sourceTree = SOURCE_ROOT; };
		200000000000000000000003 /* Sources/HikingCore/Models.swift */ = {isa = PBXFileReference; lastKnownFileType = sourcecode.swift; path = Sources/HikingCore/Models.swift; sourceTree = SOURCE_ROOT; };
		200000000000000000000004 /* Sources/HikingCore/GeoMath.swift */ = {isa = PBXFileReference; lastKnownFileType = sourcecode.swift; path = Sources/HikingCore/GeoMath.swift; sourceTree = SOURCE_ROOT; };
		200000000000000000000005 /* Sources/HikingCore/RouteBuilder.swift */ = {isa = PBXFileReference; lastKnownFileType = sourcecode.swift; path = Sources/HikingCore/RouteBuilder.swift; sourceTree = SOURCE_ROOT; };
		200000000000000000000006 /* Sources/HikingCore/GPXParser.swift */ = {isa = PBXFileReference; lastKnownFileType = sourcecode.swift; path = Sources/HikingCore/GPXParser.swift; sourceTree = SOURCE_ROOT; };
		200000000000000000000007 /* Sources/HikingCore/RemoteRoutes.swift */ = {isa = PBXFileReference; lastKnownFileType = sourcecode.swift; path = Sources/HikingCore/RemoteRoutes.swift; sourceTree = SOURCE_ROOT; };
		200000000000000000000008 /* Sources/HikingCore/RouteStore.swift */ = {isa = PBXFileReference; lastKnownFileType = sourcecode.swift; path = Sources/HikingCore/RouteStore.swift; sourceTree = SOURCE_ROOT; };
		200000000000000000000009 /* Sources/HikingCore/RouteImportService.swift */ = {isa = PBXFileReference; lastKnownFileType = sourcecode.swift; path = Sources/HikingCore/RouteImportService.swift; sourceTree = SOURCE_ROOT; };
		20000000000000000000000A /* Sources/HikingCore/RouteSync.swift */ = {isa = PBXFileReference; lastKnownFileType = sourcecode.swift; path = Sources/HikingCore/RouteSync.swift; sourceTree = SOURCE_ROOT; };
		20000000000000000000000D /* Sources/HikingCore/HikingSession.swift */ = {isa = PBXFileReference; lastKnownFileType = sourcecode.swift; path = Sources/HikingCore/HikingSession.swift; sourceTree = SOURCE_ROOT; };
		200000000000000000000011 /* Sources/HikingCore/SessionSync.swift */ = {isa = PBXFileReference; lastKnownFileType = sourcecode.swift; path = Sources/HikingCore/SessionSync.swift; sourceTree = SOURCE_ROOT; };
		20000000000000000000000B /* WatchHikingiPhone.app */ = {isa = PBXFileReference; explicitFileType = wrapper.application; includeInIndex = 0; path = WatchHikingiPhone.app; sourceTree = BUILT_PRODUCTS_DIR; };
		20000000000000000000000C /* WatchHikingWatch.app */ = {isa = PBXFileReference; explicitFileType = wrapper.application; includeInIndex = 0; path = WatchHikingWatch.app; sourceTree = BUILT_PRODUCTS_DIR; };
/* End PBXFileReference section */

/* Begin PBXFrameworksBuildPhase section */
		300000000000000000000001 /* Frameworks */ = {
			isa = PBXFrameworksBuildPhase;
			buildActionMask = 2147483647;
			files = (
			);
			runOnlyForDeploymentPostprocessing = 0;
		};
		300000000000000000000002 /* Frameworks */ = {
			isa = PBXFrameworksBuildPhase;
			buildActionMask = 2147483647;
			files = (
			);
			runOnlyForDeploymentPostprocessing = 0;
		};
/* End PBXFrameworksBuildPhase section */

/* Begin PBXGroup section */
		400000000000000000000001 = {
			isa = PBXGroup;
			children = (
				400000000000000000000002 /* Apps */,
				400000000000000000000005 /* Sources/HikingCore */,
				400000000000000000000006 /* Products */,
			);
			sourceTree = "<group>";
		};
		400000000000000000000002 /* Apps */ = {
			isa = PBXGroup;
			children = (
				400000000000000000000003 /* iPhone */,
				400000000000000000000004 /* Watch */,
			);
			path = Apps;
			sourceTree = "<group>";
		};
		400000000000000000000003 /* iPhone */ = {
			isa = PBXGroup;
			children = (
				200000000000000000000001 /* Apps/iPhone/iPhoneApp.swift */,
				200000000000000000000010 /* Apps/iPhone/iPhoneSessionSyncService.swift */,
				20000000000000000000000E /* Apps/iPhone/Info.plist */,
			);
			path = iPhone;
			sourceTree = "<group>";
		};
		400000000000000000000004 /* Watch */ = {
			isa = PBXGroup;
			children = (
				200000000000000000000002 /* Apps/Watch/WatchApp.swift */,
				200000000000000000000012 /* Apps/Watch/WatchSessionUploadService.swift */,
				20000000000000000000000F /* Apps/Watch/WatchHikingWatch.entitlements */,
				200000000000000000000013 /* Apps/Watch/Assets.xcassets */,
				200000000000000000000014 /* Apps/Watch/Info.plist */,
			);
			path = Watch;
			sourceTree = "<group>";
		};
		400000000000000000000005 /* Sources/HikingCore */ = {
			isa = PBXGroup;
			children = (
				200000000000000000000003 /* Sources/HikingCore/Models.swift */,
				200000000000000000000004 /* Sources/HikingCore/GeoMath.swift */,
				200000000000000000000005 /* Sources/HikingCore/RouteBuilder.swift */,
				200000000000000000000006 /* Sources/HikingCore/GPXParser.swift */,
				200000000000000000000007 /* Sources/HikingCore/RemoteRoutes.swift */,
				200000000000000000000008 /* Sources/HikingCore/RouteStore.swift */,
				200000000000000000000009 /* Sources/HikingCore/RouteImportService.swift */,
				20000000000000000000000A /* Sources/HikingCore/RouteSync.swift */,
				20000000000000000000000D /* Sources/HikingCore/HikingSession.swift */,
				200000000000000000000011 /* Sources/HikingCore/SessionSync.swift */,
			);
			path = Sources/HikingCore;
			sourceTree = "<group>";
		};
		400000000000000000000006 /* Products */ = {
			isa = PBXGroup;
			children = (
				20000000000000000000000B /* WatchHikingiPhone.app */,
				20000000000000000000000C /* WatchHikingWatch.app */,
			);
			name = Products;
			sourceTree = "<group>";
		};
/* End PBXGroup section */

/* Begin PBXNativeTarget section */
		500000000000000000000001 /* WatchHikingiPhone */ = {
			isa = PBXNativeTarget;
			buildConfigurationList = 700000000000000000000002 /* Build configuration list for PBXNativeTarget "WatchHikingiPhone" */;
			buildPhases = (
				600000000000000000000001 /* Sources */,
				300000000000000000000001 /* Frameworks */,
				120000000000000000000001 /* Embed Watch Content */,
			);
			buildRules = (
			);
			dependencies = (
				130000000000000000000001 /* PBXTargetDependency */,
			);
			name = WatchHikingiPhone;
			productName = WatchHikingiPhone;
			productReference = 20000000000000000000000B /* WatchHikingiPhone.app */;
			productType = "com.apple.product-type.application";
		};
		500000000000000000000002 /* WatchHikingWatch */ = {
			isa = PBXNativeTarget;
			buildConfigurationList = 700000000000000000000003 /* Build configuration list for PBXNativeTarget "WatchHikingWatch" */;
			buildPhases = (
				600000000000000000000002 /* Sources */,
				300000000000000000000002 /* Frameworks */,
				600000000000000000000003 /* Resources */,
			);
			buildRules = (
			);
			dependencies = (
			);
			name = WatchHikingWatch;
			productName = WatchHikingWatch;
			productReference = 20000000000000000000000C /* WatchHikingWatch.app */;
			productType = "com.apple.product-type.application";
		};
/* End PBXNativeTarget section */

/* Begin PBXProject section */
		800000000000000000000001 /* Project object */ = {
			isa = PBXProject;
			attributes = {
				BuildIndependentTargetsInParallel = 1;
				LastSwiftUpdateCheck = 2640;
				LastUpgradeCheck = 2640;
				TargetAttributes = {
					500000000000000000000001 = {
						CreatedOnToolsVersion = 26.4.1;
					};
					500000000000000000000002 = {
						CreatedOnToolsVersion = 26.4.1;
					};
				};
			};
			buildConfigurationList = 700000000000000000000001 /* Build configuration list for PBXProject "WatchHikingApp" */;
			developmentRegion = en;
			hasScannedForEncodings = 0;
			knownRegions = (
				en,
				Base,
			);
			mainGroup = 400000000000000000000001;
			minimizedProjectReferenceProxies = 1;
			preferredProjectObjectVersion = 77;
			productRefGroup = 400000000000000000000006 /* Products */;
			projectDirPath = "";
			projectRoot = "";
			targets = (
				500000000000000000000001 /* WatchHikingiPhone */,
				500000000000000000000002 /* WatchHikingWatch */,
			);
		};
/* End PBXProject section */

/* Begin PBXResourcesBuildPhase section */
		600000000000000000000003 /* Resources */ = {
			isa = PBXResourcesBuildPhase;
			buildActionMask = 2147483647;
			files = (
				10000000000000000000001A /* Apps/Watch/Assets.xcassets in Resources */,
			);
			runOnlyForDeploymentPostprocessing = 0;
		};
/* End PBXResourcesBuildPhase section */

/* Begin PBXSourcesBuildPhase section */
		600000000000000000000001 /* Sources */ = {
			isa = PBXSourcesBuildPhase;
			buildActionMask = 2147483647;
			files = (
				100000000000000000000001 /* Apps/iPhone/iPhoneApp.swift in Sources */,
				100000000000000000000015 /* Apps/iPhone/iPhoneSessionSyncService.swift in Sources */,
				100000000000000000000002 /* Sources/HikingCore/Models.swift in Sources */,
				100000000000000000000003 /* Sources/HikingCore/GeoMath.swift in Sources */,
				100000000000000000000004 /* Sources/HikingCore/RouteBuilder.swift in Sources */,
				100000000000000000000005 /* Sources/HikingCore/GPXParser.swift in Sources */,
				100000000000000000000006 /* Sources/HikingCore/RemoteRoutes.swift in Sources */,
				100000000000000000000007 /* Sources/HikingCore/RouteStore.swift in Sources */,
				100000000000000000000008 /* Sources/HikingCore/RouteImportService.swift in Sources */,
				100000000000000000000009 /* Sources/HikingCore/RouteSync.swift in Sources */,
				100000000000000000000013 /* Sources/HikingCore/HikingSession.swift in Sources */,
				100000000000000000000016 /* Sources/HikingCore/SessionSync.swift in Sources */,
			);
			runOnlyForDeploymentPostprocessing = 0;
		};
		600000000000000000000002 /* Sources */ = {
			isa = PBXSourcesBuildPhase;
			buildActionMask = 2147483647;
			files = (
				10000000000000000000000A /* Apps/Watch/WatchApp.swift in Sources */,
				100000000000000000000018 /* Apps/Watch/WatchSessionUploadService.swift in Sources */,
				10000000000000000000000B /* Sources/HikingCore/Models.swift in Sources */,
				10000000000000000000000C /* Sources/HikingCore/GeoMath.swift in Sources */,
				10000000000000000000000D /* Sources/HikingCore/RouteBuilder.swift in Sources */,
				10000000000000000000000E /* Sources/HikingCore/GPXParser.swift in Sources */,
				10000000000000000000000F /* Sources/HikingCore/RemoteRoutes.swift in Sources */,
				100000000000000000000010 /* Sources/HikingCore/RouteStore.swift in Sources */,
				100000000000000000000011 /* Sources/HikingCore/RouteImportService.swift in Sources */,
				100000000000000000000012 /* Sources/HikingCore/RouteSync.swift in Sources */,
				100000000000000000000014 /* Sources/HikingCore/HikingSession.swift in Sources */,
				100000000000000000000017 /* Sources/HikingCore/SessionSync.swift in Sources */,
			);
			runOnlyForDeploymentPostprocessing = 0;
		};
/* End PBXSourcesBuildPhase section */

/* Begin PBXTargetDependency section */
		130000000000000000000001 /* PBXTargetDependency */ = {
			isa = PBXTargetDependency;
			target = 500000000000000000000002 /* WatchHikingWatch */;
			targetProxy = 110000000000000000000001 /* PBXContainerItemProxy */;
		};
/* End PBXTargetDependency section */

/* Begin XCBuildConfiguration section */
		900000000000000000000001 /* Debug */ = {
			isa = XCBuildConfiguration;
			buildSettings = {
				ALWAYS_SEARCH_USER_PATHS = NO;
				CLANG_ANALYZER_NONNULL = YES;
				CLANG_ANALYZER_NUMBER_OBJECT_CONVERSION = YES_AGGRESSIVE;
				CLANG_CXX_LANGUAGE_STANDARD = "gnu++20";
				CLANG_ENABLE_MODULES = YES;
				CLANG_ENABLE_OBJC_ARC = YES;
				CLANG_ENABLE_OBJC_WEAK = YES;
				CLANG_WARN_BLOCK_CAPTURE_AUTORELEASING = YES;
				CLANG_WARN_BOOL_CONVERSION = YES;
				CLANG_WARN_COMMA = YES;
				CLANG_WARN_CONSTANT_CONVERSION = YES;
				CLANG_WARN_DEPRECATED_OBJC_IMPLEMENTATIONS = YES;
				CLANG_WARN_DIRECT_OBJC_ISA_USAGE = YES_ERROR;
				CLANG_WARN_DOCUMENTATION_COMMENTS = YES;
				CLANG_WARN_EMPTY_BODY = YES;
				CLANG_WARN_ENUM_CONVERSION = YES;
				CLANG_WARN_INFINITE_RECURSION = YES;
				CLANG_WARN_INT_CONVERSION = YES;
				CLANG_WARN_NON_LITERAL_NULL_CONVERSION = YES;
				CLANG_WARN_OBJC_IMPLICIT_RETAIN_SELF = YES;
				CLANG_WARN_OBJC_LITERAL_CONVERSION = YES;
				CLANG_WARN_OBJC_ROOT_CLASS = YES_ERROR;
				CLANG_WARN_QUOTED_INCLUDE_IN_FRAMEWORK_HEADER = YES;
				CLANG_WARN_RANGE_LOOP_ANALYSIS = YES;
				CLANG_WARN_STRICT_PROTOTYPES = YES;
				CLANG_WARN_SUSPICIOUS_MOVE = YES;
				CLANG_WARN_UNGUARDED_AVAILABILITY = YES_AGGRESSIVE;
				CLANG_WARN_UNREACHABLE_CODE = YES;
				CLANG_WARN__DUPLICATE_METHOD_MATCH = YES;
				COPY_PHASE_STRIP = NO;
				DEBUG_INFORMATION_FORMAT = dwarf;
				ENABLE_STRICT_OBJC_MSGSEND = YES;
				ENABLE_TESTABILITY = YES;
				GCC_C_LANGUAGE_STANDARD = gnu17;
				GCC_DYNAMIC_NO_PIC = NO;
				GCC_NO_COMMON_BLOCKS = YES;
				GCC_OPTIMIZATION_LEVEL = 0;
				GCC_PREPROCESSOR_DEFINITIONS = (
					"DEBUG=1",
					"$(inherited)",
				);
				GCC_WARN_64_TO_32_BIT_CONVERSION = YES;
				GCC_WARN_ABOUT_RETURN_TYPE = YES_ERROR;
				GCC_WARN_UNDECLARED_SELECTOR = YES;
				GCC_WARN_UNINITIALIZED_AUTOS = YES_AGGRESSIVE;
				GCC_WARN_UNUSED_FUNCTION = YES;
				GCC_WARN_UNUSED_VARIABLE = YES;
				IPHONEOS_DEPLOYMENT_TARGET = 18.0;
				MTL_ENABLE_DEBUG_INFO = INCLUDE_SOURCE;
				MTL_FAST_MATH = YES;
				SDKROOT = iphoneos;
				SWIFT_ACTIVE_COMPILATION_CONDITIONS = DEBUG;
				SWIFT_OPTIMIZATION_LEVEL = "-Onone";
				SWIFT_VERSION = 6.0;
				WATCHOS_DEPLOYMENT_TARGET = 11.0;
			};
			name = Debug;
		};
		900000000000000000000002 /* Release */ = {
			isa = XCBuildConfiguration;
			buildSettings = {
				ALWAYS_SEARCH_USER_PATHS = NO;
				CLANG_ANALYZER_NONNULL = YES;
				CLANG_ANALYZER_NUMBER_OBJECT_CONVERSION = YES_AGGRESSIVE;
				CLANG_CXX_LANGUAGE_STANDARD = "gnu++20";
				CLANG_ENABLE_MODULES = YES;
				CLANG_ENABLE_OBJC_ARC = YES;
				CLANG_ENABLE_OBJC_WEAK = YES;
				CLANG_WARN_BLOCK_CAPTURE_AUTORELEASING = YES;
				CLANG_WARN_BOOL_CONVERSION = YES;
				CLANG_WARN_COMMA = YES;
				CLANG_WARN_CONSTANT_CONVERSION = YES;
				CLANG_WARN_DEPRECATED_OBJC_IMPLEMENTATIONS = YES;
				CLANG_WARN_DIRECT_OBJC_ISA_USAGE = YES_ERROR;
				CLANG_WARN_DOCUMENTATION_COMMENTS = YES;
				CLANG_WARN_EMPTY_BODY = YES;
				CLANG_WARN_ENUM_CONVERSION = YES;
				CLANG_WARN_INFINITE_RECURSION = YES;
				CLANG_WARN_INT_CONVERSION = YES;
				CLANG_WARN_NON_LITERAL_NULL_CONVERSION = YES;
				CLANG_WARN_OBJC_IMPLICIT_RETAIN_SELF = YES;
				CLANG_WARN_OBJC_LITERAL_CONVERSION = YES;
				CLANG_WARN_OBJC_ROOT_CLASS = YES_ERROR;
				CLANG_WARN_QUOTED_INCLUDE_IN_FRAMEWORK_HEADER = YES;
				CLANG_WARN_RANGE_LOOP_ANALYSIS = YES;
				CLANG_WARN_STRICT_PROTOTYPES = YES;
				CLANG_WARN_SUSPICIOUS_MOVE = YES;
				CLANG_WARN_UNGUARDED_AVAILABILITY = YES_AGGRESSIVE;
				CLANG_WARN_UNREACHABLE_CODE = YES;
				CLANG_WARN__DUPLICATE_METHOD_MATCH = YES;
				COPY_PHASE_STRIP = NO;
				DEBUG_INFORMATION_FORMAT = "dwarf-with-dsym";
				ENABLE_NS_ASSERTIONS = NO;
				ENABLE_STRICT_OBJC_MSGSEND = YES;
				GCC_C_LANGUAGE_STANDARD = gnu17;
				GCC_NO_COMMON_BLOCKS = YES;
				GCC_WARN_64_TO_32_BIT_CONVERSION = YES;
				GCC_WARN_ABOUT_RETURN_TYPE = YES_ERROR;
				GCC_WARN_UNDECLARED_SELECTOR = YES;
				GCC_WARN_UNINITIALIZED_AUTOS = YES_AGGRESSIVE;
				GCC_WARN_UNUSED_FUNCTION = YES;
				GCC_WARN_UNUSED_VARIABLE = YES;
				IPHONEOS_DEPLOYMENT_TARGET = 18.0;
				MTL_ENABLE_DEBUG_INFO = NO;
				MTL_FAST_MATH = YES;
				SDKROOT = iphoneos;
				SWIFT_COMPILATION_MODE = wholemodule;
				SWIFT_OPTIMIZATION_LEVEL = "-O";
				SWIFT_VERSION = 6.0;
				VALIDATE_PRODUCT = YES;
				WATCHOS_DEPLOYMENT_TARGET = 11.0;
			};
			name = Release;
		};
		900000000000000000000003 /* Debug */ = {
			isa = XCBuildConfiguration;
			buildSettings = {
				ASSETCATALOG_COMPILER_APPICON_NAME = AppIcon;
				CODE_SIGN_STYLE = Automatic;
				DEVELOPMENT_TEAM = U92ZACJMDA;
				GENERATE_INFOPLIST_FILE = NO;
				INFOPLIST_FILE = Apps/iPhone/Info.plist;
				IPHONEOS_DEPLOYMENT_TARGET = 18.0;
				PRODUCT_BUNDLE_IDENTIFIER = com.watchmd.hiking.iphone;
				PRODUCT_NAME = "$(TARGET_NAME)";
				SDKROOT = iphoneos;
				SUPPORTED_PLATFORMS = "iphoneos iphonesimulator";
				SWIFT_EMIT_LOC_STRINGS = YES;
				SWIFT_VERSION = 6.0;
				TARGETED_DEVICE_FAMILY = "1,2";
			};
			name = Debug;
		};
		900000000000000000000004 /* Release */ = {
			isa = XCBuildConfiguration;
			buildSettings = {
				ASSETCATALOG_COMPILER_APPICON_NAME = AppIcon;
				CODE_SIGN_STYLE = Automatic;
				DEVELOPMENT_TEAM = U92ZACJMDA;
				GENERATE_INFOPLIST_FILE = NO;
				INFOPLIST_FILE = Apps/iPhone/Info.plist;
				IPHONEOS_DEPLOYMENT_TARGET = 18.0;
				PRODUCT_BUNDLE_IDENTIFIER = com.watchmd.hiking.iphone;
				PRODUCT_NAME = "$(TARGET_NAME)";
				SDKROOT = iphoneos;
				SUPPORTED_PLATFORMS = "iphoneos iphonesimulator";
				SWIFT_EMIT_LOC_STRINGS = YES;
				SWIFT_VERSION = 6.0;
				TARGETED_DEVICE_FAMILY = "1,2";
			};
			name = Release;
		};
		900000000000000000000005 /* Debug */ = {
			isa = XCBuildConfiguration;
			buildSettings = {
				ASSETCATALOG_COMPILER_APPICON_NAME = AppIcon;
				CODE_SIGN_STYLE = Automatic;
				CODE_SIGN_ENTITLEMENTS = Apps/Watch/WatchHikingWatch.entitlements;
				DEVELOPMENT_TEAM = YTQ3SFT962;
				GENERATE_INFOPLIST_FILE = NO;
				INFOPLIST_FILE = Apps/Watch/Info.plist;
				PRODUCT_BUNDLE_IDENTIFIER = com.watchmd.hiking.iphone.watch;
				PRODUCT_NAME = "$(TARGET_NAME)";
				SDKROOT = watchos;
				SKIP_INSTALL = NO;
				SUPPORTED_PLATFORMS = "watchos watchsimulator";
				SWIFT_EMIT_LOC_STRINGS = YES;
				SWIFT_VERSION = 6.0;
				TARGETED_DEVICE_FAMILY = 4;
				WATCHOS_DEPLOYMENT_TARGET = 11.0;
			};
			name = Debug;
		};
		900000000000000000000006 /* Release */ = {
			isa = XCBuildConfiguration;
			buildSettings = {
				ASSETCATALOG_COMPILER_APPICON_NAME = AppIcon;
				CODE_SIGN_STYLE = Automatic;
				CODE_SIGN_ENTITLEMENTS = Apps/Watch/WatchHikingWatch.entitlements;
				DEVELOPMENT_TEAM = YTQ3SFT962;
				GENERATE_INFOPLIST_FILE = NO;
				INFOPLIST_FILE = Apps/Watch/Info.plist;
				PRODUCT_BUNDLE_IDENTIFIER = com.watchmd.hiking.iphone.watch;
				PRODUCT_NAME = "$(TARGET_NAME)";
				SDKROOT = watchos;
				SKIP_INSTALL = NO;
				SUPPORTED_PLATFORMS = "watchos watchsimulator";
				SWIFT_EMIT_LOC_STRINGS = YES;
				SWIFT_VERSION = 6.0;
				TARGETED_DEVICE_FAMILY = 4;
				WATCHOS_DEPLOYMENT_TARGET = 11.0;
			};
			name = Release;
		};
/* End XCBuildConfiguration section */

/* Begin XCConfigurationList section */
		700000000000000000000001 /* Build configuration list for PBXProject "WatchHikingApp" */ = {
			isa = XCConfigurationList;
			buildConfigurations = (
				900000000000000000000001 /* Debug */,
				900000000000000000000002 /* Release */,
			);
			defaultConfigurationIsVisible = 0;
			defaultConfigurationName = Release;
		};
		700000000000000000000002 /* Build configuration list for PBXNativeTarget "WatchHikingiPhone" */ = {
			isa = XCConfigurationList;
			buildConfigurations = (
				900000000000000000000003 /* Debug */,
				900000000000000000000004 /* Release */,
			);
			defaultConfigurationIsVisible = 0;
			defaultConfigurationName = Release;
		};
		700000000000000000000003 /* Build configuration list for PBXNativeTarget "WatchHikingWatch" */ = {
			isa = XCConfigurationList;
			buildConfigurations = (
				900000000000000000000005 /* Debug */,
				900000000000000000000006 /* Release */,
			);
			defaultConfigurationIsVisible = 0;
			defaultConfigurationName = Release;
		};
/* End XCConfigurationList section */
	};
	rootObject = 800000000000000000000001 /* Project object */;
}
